# THIS IS AN AUTOGENERATED FILE. DO NOT EDIT THIS FILE DIRECTLY.
# yarn lockfile v1


"@types/aws-lambda@^8.10.92":
  version "8.10.110"
  resolved "https://registry.yarnpkg.com/@types/aws-lambda/-/aws-lambda-8.10.110.tgz#32a1f9d40b855d69830243492bbb6408098f4c88"
  integrity sha512-r6egf2Cwv/JaFTTrF9OXFVUB3j/SXTgM9BwrlbBRjWAa2Tu6GWoDoLflppAZ8uSfbUJdXvC7Br3DjuN9pQ2NUQ==
